
Microsoft Visual Studio Solution File, Format Version 12.00
# Visual Studio 15
VisualStudioVersion = 15.0.28307.329
MinimumVisualStudioVersion = 10.0.40219.1
Project("{FAE04EC0-301F-11D3-BF4B-00C04F79EFBC}") = "webApp", "webApp\webApp.csproj", "{6F5C475B-6BAB-4F27-86E9-773E4FEFDF96}"
EndProject
Project("{FAE04EC0-301F-11D3-BF4B-00C04F79EFBC}") = "UNIT", "UNIT\UNIT.csproj", "{AE64235D-2D25-40F5-B0B1-E030159EF22A}"
EndProject
Global
	GlobalSection(SolutionConfigurationPlatforms) = preSolution
		Debug|Any CPU = Debug|Any CPU
		Release|Any CPU = Release|Any CPU
	EndGlobalSection
	GlobalSection(ProjectConfigurationPlatforms) = postSolution
		{6F5C475B-6BAB-4F27-86E9-773E4FEFDF96}.Debug|Any CPU.ActiveCfg = Debug|Any CPU
		{6F5C475B-6BAB-4F27-86E9-773E4FEFDF96}.Debug|Any CPU.Build.0 = Debug|Any CPU
		{6F5C475B-6BAB-4F27-86E9-773E4FEFDF96}.Release|Any CPU.ActiveCfg = Release|Any CPU
		{6F5C475B-6BAB-4F27-86E9-773E4FEFDF96}.Release|Any CPU.Build.0 = Release|Any CPU
		{AE64235D-2D25-40F5-B0B1-E030159EF22A}.Debug|Any CPU.ActiveCfg = Debug|Any CPU
		{AE64235D-2D25-40F5-B0B1-E030159EF22A}.Debug|Any CPU.Build.0 = Debug|Any CPU
		{AE64235D-2D25-40F5-B0B1-E030159EF22A}.Release|Any CPU.ActiveCfg = Release|Any CPU
		{AE64235D-2D25-40F5-B0B1-E030159EF22A}.Release|Any CPU.Build.0 = Release|Any CPU
	EndGlobalSection
	GlobalSection(SolutionProperties) = preSolution
		HideSolutionNode = FALSE
	EndGlobalSection
	GlobalSection(ExtensibilityGlobals) = postSolution
		SolutionGuid = {D9BAB65C-BE73-4F7F-AD0E-50250288C660}
	EndGlobalSection
EndGlobal
